// !$*UTF8*$!
{
	archiveVersion = 1;
	classes = {
	};
	objectVersion = 50;
	objects = {

/* Begin PBXBuildFile section */
		1127341D2108B5E300CF8165 /* AppDelegate.swift in Sources */ = {isa = PBXBuildFile; fileRef = 1127341C2108B5E300CF8165 /* AppDelegate.swift */; };
		1127341F2108B5E300CF8165 /* ViewController.swift in Sources */ = {isa = PBXBuildFile; fileRef = 1127341E2108B5E300CF8165 /* ViewController.swift */; };
		112734222108B5E300CF8165 /* Main.storyboard in Resources */ = {isa = PBXBuildFile; fileRef = 112734202108B5E300CF8165 /* Main.storyboard */; };
		112734242108B5E400CF8165 /* Assets.xcassets in Resources */ = {isa = PBXBuildFile; fileRef = 112734232108B5E400CF8165 /* Assets.xcassets */; };
		112734272108B5E400CF8165 /* LaunchScreen.storyboard in Resources */ = {isa = PBXBuildFile; fileRef = 112734252108B5E400CF8165 /* LaunchScreen.storyboard */; };
		1127342F2108B72F00CF8165 /* ADTextField.swift in Sources */ = {isa = PBXBuildFile; fileRef = 1127342E2108B72F00CF8165 /* ADTextField.swift */; };
		11273431210968F300CF8165 /* HRToast+UIView.swift in Sources */ = {isa = PBXBuildFile; fileRef = 11273430210968F300CF8165 /* HRToast+UIView.swift */; };
/* End PBXBuildFile section */

/* Begin PBXFileReference section */
		112734192108B5E300CF8165 /* TxtCases.app */ = {isa = PBXFileReference; explicitFileType = wrapper.application; includeInIndex = 0; path = TxtCases.app; sourceTree = BUILT_PRODUCTS_DIR; };
		1127341C2108B5E300CF8165 /* AppDelegate.swift */ = {isa = PBXFileReference; lastKnownFileType = sourcecode.swift; path = AppDelegate.swift; sourceTree = "<group>"; };
		1127341E2108B5E300CF8165 /* ViewController.swift */ = {isa = PBXFileReference; lastKnownFileType = sourcecode.swift; path = ViewController.swift; sourceTree = "<group>"; };
		112734212108B5E300CF8165 /* Base */ = {isa = PBXFileReference; lastKnownFileType = file.storyboard; name = Base; path = Base.lproj/Main.storyboard; sourceTree = "<group>"; };
		112734232108B5E400CF8165 /* Assets.xcassets */ = {isa = PBXFileReference; lastKnownFileType = folder.assetcatalog; path = Assets.xcassets; sourceTree = "<group>"; };
		112734262108B5E400CF8165 /* Base */ = {isa = PBXFileReference; lastKnownFileType = file.storyboard; name = Base; path = Base.lproj/LaunchScreen.storyboard; sourceTree = "<group>"; };
		112734282108B5E400CF8165 /* Info.plist */ = {isa = PBXFileReference; lastKnownFileType = text.plist.xml; path = Info.plist; sourceTree = "<group>"; };
		1127342E2108B72F00CF8165 /* ADTextField.swift */ = {isa = PBXFileReference; lastKnownFileType = sourcecode.swift; path = ADTextField.swift; sourceTree = "<group>"; };
		11273430210968F300CF8165 /* HRToast+UIView.swift */ = {isa = PBXFileReference; fileEncoding = 4; lastKnownFileType = sourcecode.swift; path = "HRToast+UIView.swift"; sourceTree = "<group>"; };
/* End PBXFileReference section */

/* Begin PBXFrameworksBuildPhase section */
		112734162108B5E300CF8165 /* Frameworks */ = {
			isa = PBXFrameworksBuildPhase;
			buildActionMask = 2147483647;
			files = (
			);
			runOnlyForDeploymentPostprocessing = 0;
		};
/* End PBXFrameworksBuildPhase section */

/* Begin PBXGroup section */
		112734102108B5E300CF8165 = {
			isa = PBXGroup;
			children = (
				1127341B2108B5E300CF8165 /* TxtCases */,
				1127341A2108B5E300CF8165 /* Products */,
			);
			sourceTree = "<group>";
		};
		1127341A2108B5E300CF8165 /* Products */ = {
			isa = PBXGroup;
			children = (
				112734192108B5E300CF8165 /* TxtCases.app */,
			);
			name = Products;
			sourceTree = "<group>";
		};
		1127341B2108B5E300CF8165 /* TxtCases */ = {
			isa = PBXGroup;
			children = (
				1127341C2108B5E300CF8165 /* AppDelegate.swift */,
				1127341E2108B5E300CF8165 /* ViewController.swift */,
				112734202108B5E300CF8165 /* Main.storyboard */,
				112734232108B5E400CF8165 /* Assets.xcassets */,
				112734252108B5E400CF8165 /* LaunchScreen.storyboard */,
				112734282108B5E400CF8165 /* Info.plist */,
				1127342E2108B72F00CF8165 /* ADTextField.swift */,
				11273430210968F300CF8165 /* HRToast+UIView.swift */,
			);
			path = TxtCases;
			sourceTree = "<group>";
		};
/* End PBXGroup section */

/* Begin PBXNativeTarget section */
		112734182108B5E300CF8165 /* TxtCases */ = {
			isa = PBXNativeTarget;
			buildConfigurationList = 1127342B2108B5E400CF8165 /* Build configuration list for PBXNativeTarget "TxtCases" */;
			buildPhases = (
				112734152108B5E300CF8165 /* Sources */,
				112734162108B5E300CF8165 /* Frameworks */,
				112734172108B5E300CF8165 /* Resources */,
			);
			buildRules = (
			);
			dependencies = (
			);
			name = TxtCases;
			productName = TxtCases;
			productReference = 112734192108B5E300CF8165 /* TxtCases.app */;
			productType = "com.apple.product-type.application";
		};
/* End PBXNativeTarget section */

/* Begin PBXProject section */
		112734112108B5E300CF8165 /* Project object */ = {
			isa = PBXProject;
			attributes = {
				LastSwiftUpdateCheck = 0940;
				LastUpgradeCheck = 0940;
				ORGANIZATIONNAME = "Daniel Aditya Istyana";
				TargetAttributes = {
					112734182108B5E300CF8165 = {
						CreatedOnToolsVersion = 9.4.1;
					};
				};
			};
			buildConfigurationList = 112734142108B5E300CF8165 /* Build configuration list for PBXProject "TxtCases" */;
			compatibilityVersion = "Xcode 9.3";
			developmentRegion = en;
			hasScannedForEncodings = 0;
			knownRegions = (
				en,
				Base,
			);
			mainGroup = 112734102108B5E300CF8165;
			productRefGroup = 1127341A2108B5E300CF8165 /* Products */;
			projectDirPath = "";
			projectRoot = "";
			targets = (
				112734182108B5E300CF8165 /* TxtCases */,
			);
		};
/* End PBXProject section */

/* Begin PBXResourcesBuildPhase section */
		112734172108B5E300CF8165 /* Resources */ = {
			isa = PBXResourcesBuildPhase;
			buildActionMask = 2147483647;
			files = (
				112734272108B5E400CF8165 /* LaunchScreen.storyboard in Resources */,
				112734242108B5E400CF8165 /* Assets.xcassets in Resources */,
				112734222108B5E300CF8165 /* Main.storyboard in Resources */,
			);
			runOnlyForDeploymentPostprocessing = 0;
		};
/* End PBXResourcesBuildPhase section */

/* Begin PBXSourcesBuildPhase section */
		112734152108B5E300CF8165 /* Sources */ = {
			isa = PBXSourcesBuildPhase;
			buildActionMask = 2147483647;
			files = (
				11273431210968F300CF8165 /* HRToast+UIView.swift in Sources */,
				1127341F2108B5E300CF8165 /* ViewController.swift in Sources */,
				1127341D2108B5E300CF8165 /* AppDelegate.swift in Sources */,
				1127342F2108B72F00CF8165 /* ADTextField.swift in Sources */,
			);
			runOnlyForDeploymentPostprocessing = 0;
		};
/* End PBXSourcesBuildPhase section */

/* Begin PBXVariantGroup section */
		112734202108B5E300CF8165 /* Main.storyboard */ = {
			isa = PBXVariantGroup;
			children = (
				112734212108B5E300CF8165 /* Base */,
			);
			name = Main.storyboard;
			sourceTree = "<group>";
		};
		112734252108B5E400CF8165 /* LaunchScreen.storyboard */ = {
			isa = PBXVariantGroup;
			children = (
				112734262108B5E400CF8165 /* Base */,
			);
			name = LaunchScreen.storyboard;
			sourceTree = "<group>";
		};
/* End PBXVariantGroup section */

/* Begin XCBuildConfiguration section */
		112734292108B5E400CF8165 /* Debug */ = {
			isa = XCBuildConfiguration;
			buildSettings = {
				ALWAYS_SEARCH_USER_PATHS = NO;
				CLANG_ANALYZER_NONNULL = YES;
				CLANG_ANALYZER_NUMBER_OBJECT_CONVERSION = YES_AGGRESSIVE;
				CLANG_CXX_LANGUAGE_STANDARD = "gnu++14";
				CLANG_CXX_LIBRARY = "libc++";
				CLANG_ENABLE_MODULES = YES;
				CLANG_ENABLE_OBJC_ARC = YES;
				CLANG_ENABLE_OBJC_WEAK = YES;
				CLANG_WARN_BLOCK_CAPTURE_AUTORELEASING = YES;
				CLANG_WARN_BOOL_CONVERSION = YES;
				CLANG_WARN_COMMA = YES;
				CLANG_WARN_CONSTANT_CONVERSION = YES;
				CLANG_WARN_DEPRECATED_OBJC_IMPLEMENTATIONS = YES;
				CLANG_WARN_DIRECT_OBJC_ISA_USAGE = YES_ERROR;
				CLANG_WARN_DOCUMENTATION_COMMENTS = YES;
				CLANG_WARN_EMPTY_BODY = YES;
				CLANG_WARN_ENUM_CONVERSION = YES;
				CLANG_WARN_INFINITE_RECURSION = YES;
				CLANG_WARN_INT_CONVERSION = YES;
				CLANG_WARN_NON_LITERAL_NULL_CONVERSION = YES;
				CLANG_WARN_OBJC_IMPLICIT_RETAIN_SELF = YES;
				CLANG_WARN_OBJC_LITERAL_CONVERSION = YES;
				CLANG_WARN_OBJC_ROOT_CLASS = YES_ERROR;
				CLANG_WARN_RANGE_LOOP_ANALYSIS = YES;
				CLANG_WARN_STRICT_PROTOTYPES = YES;
				CLANG_WARN_SUSPICIOUS_MOVE = YES;
				CLANG_WARN_UNGUARDED_AVAILABILITY = YES_AGGRESSIVE;
				CLANG_WARN_UNREACHABLE_CODE = YES;
				CLANG_WARN__DUPLICATE_METHOD_MATCH = YES;
				CODE_SIGN_IDENTITY = "iPhone Developer";
				COPY_PHASE_STRIP = NO;
				DEBUG_INFORMATION_FORMAT = dwarf;
				ENABLE_STRICT_OBJC_MSGSEND = YES;
				ENABLE_TESTABILITY = YES;
				GCC_C_LANGUAGE_STANDARD = gnu11;
				GCC_DYNAMIC_NO_PIC = NO;
				GCC_NO_COMMON_BLOCKS = YES;
				GCC_OPTIMIZATION_LEVEL = 0;
				GCC_PREPROCESSOR_DEFINITIONS = (
					"DEBUG=1",
					"$(inherited)",
				);
				GCC_WARN_64_TO_32_BIT_CONVERSION = YES;
				GCC_WARN_ABOUT_RETURN_TYPE = YES_ERROR;
				GCC_WARN_UNDECLARED_SELECTOR = YES;
				GCC_WARN_UNINITIALIZED_AUTOS = YES_AGGRESSIVE;
				GCC_WARN_UNUSED_FUNCTION = YES;
				GCC_WARN_UNUSED_VARIABLE = YES;
				IPHONEOS_DEPLOYMENT_TARGET = 11.4;
				MTL_ENABLE_DEBUG_INFO = YES;
				ONLY_ACTIVE_ARCH = YES;
				SDKROOT = iphoneos;
				SWIFT_ACTIVE_COMPILATION_CONDITIONS = DEBUG;
				SWIFT_OPTIMIZATION_LEVEL = "-Onone";
			};
			name = Debug;
		};
		1127342A2108B5E400CF8165 /* Release */ = {
			isa = XCBuildConfiguration;
			buildSettings = {
				ALWAYS_SEARCH_USER_PATHS = NO;
				CLANG_ANALYZER_NONNULL = YES;
				CLANG_ANALYZER_NUMBER_OBJECT_CONVERSION = YES_AGGRESSIVE;
				CLANG_CXX_LANGUAGE_STANDARD = "gnu++14";
				CLANG_CXX_LIBRARY = "libc++";
				CLANG_ENABLE_MODULES = YES;
				CLANG_ENABLE_OBJC_ARC = YES;
				CLANG_ENABLE_OBJC_WEAK = YES;
				CLANG_WARN_BLOCK_CAPTURE_AUTORELEASING = YES;
				CLANG_WARN_BOOL_CONVERSION = YES;
				CLANG_WARN_COMMA = YES;
				CLANG_WARN_CONSTANT_CONVERSION = YES;
				CLANG_WARN_DEPRECATED_OBJC_IMPLEMENTATIONS = YES;
				CLANG_WARN_DIRECT_OBJC_ISA_USAGE = YES_ERROR;
				CLANG_WARN_DOCUMENTATION_COMMENTS = YES;
				CLANG_WARN_EMPTY_BODY = YES;
				CLANG_WARN_ENUM_CONVERSION = YES;
				CLANG_WARN_INFINITE_RECURSION = YES;
				CLANG_WARN_INT_CONVERSION = YES;
				CLANG_WARN_NON_LITERAL_NULL_CONVERSION = YES;
				CLANG_WARN_OBJC_IMPLICIT_RETAIN_SELF = YES;
				CLANG_WARN_OBJC_LITERAL_CONVERSION = YES;
				CLANG_WARN_OBJC_ROOT_CLASS = YES_ERROR;
				CLANG_WARN_RANGE_LOOP_ANALYSIS = YES;
				CLANG_WARN_STRICT_PROTOTYPES = YES;
				CLANG_WARN_SUSPICIOUS_MOVE = YES;
				CLANG_WARN_UNGUARDED_AVAILABILITY = YES_AGGRESSIVE;
				CLANG_WARN_UNREACHABLE_CODE = YES;
				CLANG_WARN__DUPLICATE_METHOD_MATCH = YES;
				CODE_SIGN_IDENTITY = "iPhone Developer";
				COPY_PHASE_STRIP = NO;
				DEBUG_INFORMATION_FORMAT = "dwarf-with-dsym";
				ENABLE_NS_ASSERTIONS = NO;
				ENABLE_STRICT_OBJC_MSGSEND = YES;
				GCC_C_LANGUAGE_STANDARD = gnu11;
				GCC_NO_COMMON_BLOCKS = YES;
				GCC_WARN_64_TO_32_BIT_CONVERSION = YES;
				GCC_WARN_ABOUT_RETURN_TYPE = YES_ERROR;
				GCC_WARN_UNDECLARED_SELECTOR = YES;
				GCC_WARN_UNINITIALIZED_AUTOS = YES_AGGRESSIVE;
				GCC_WARN_UNUSED_FUNCTION = YES;
				GCC_WARN_UNUSED_VARIABLE = YES;
				IPHONEOS_DEPLOYMENT_TARGET = 11.4;
				MTL_ENABLE_DEBUG_INFO = NO;
				SDKROOT = iphoneos;
				SWIFT_COMPILATION_MODE = wholemodule;
				SWIFT_OPTIMIZATION_LEVEL = "-O";
				VALIDATE_PRODUCT = YES;
			};
			name = Release;
		};
		1127342C2108B5E400CF8165 /* Debug */ = {
			isa = XCBuildConfiguration;
			buildSettings = {
				ASSETCATALOG_COMPILER_APPICON_NAME = AppIcon;
				CODE_SIGN_STYLE = Automatic;
				INFOPLIST_FILE = TxtCases/Info.plist;
				LD_RUNPATH_SEARCH_PATHS = (
					"$(inherited)",
					"@executable_path/Frameworks",
				);
				PRODUCT_BUNDLE_IDENTIFIER = com.adityadaniel.TxtCases;
				PRODUCT_NAME = "$(TARGET_NAME)";
				SWIFT_VERSION = 4.0;
				TARGETED_DEVICE_FAMILY = "1,2";
			};
			name = Debug;
		};
		1127342D2108B5E400CF8165 /* Release */ = {
			isa = XCBuildConfiguration;
			buildSettings = {
				ASSETCATALOG_COMPILER_APPICON_NAME = AppIcon;
				CODE_SIGN_STYLE = Automatic;
				INFOPLIST_FILE = TxtCases/Info.plist;
				LD_RUNPATH_SEARCH_PATHS = (
					"$(inherited)",
					"@executable_path/Frameworks",
				);
				PRODUCT_BUNDLE_IDENTIFIER = com.adityadaniel.TxtCases;
				PRODUCT_NAME = "$(TARGET_NAME)";
				SWIFT_VERSION = 4.0;
				TARGETED_DEVICE_FAMILY = "1,2";
			};
			name = Release;
		};
/* End XCBuildConfiguration section */

/* Begin XCConfigurationList section */
		112734142108B5E300CF8165 /* Build configuration list for PBXProject "TxtCases" */ = {
			isa = XCConfigurationList;
			buildConfigurations = (
				112734292108B5E400CF8165 /* Debug */,
				1127342A2108B5E400CF8165 /* Release */,
			);
			defaultConfigurationIsVisible = 0;
			defaultConfigurationName = Release;
		};
		1127342B2108B5E400CF8165 /* Build configuration list for PBXNativeTarget "TxtCases" */ = {
			isa = XCConfigurationList;
			buildConfigurations = (
				1127342C2108B5E400CF8165 /* Debug */,
				1127342D2108B5E400CF8165 /* Release */,
			);
			defaultConfigurationIsVisible = 0;
			defaultConfigurationName = Release;
		};
/* End XCConfigurationList section */
	};
	rootObject = 112734112108B5E300CF8165 /* Project object */;
}
